
Microsoft Visual Studio Solution File, Format Version 12.00
# Visual Studio Version 17
VisualStudioVersion = 17.10.35122.118
MinimumVisualStudioVersion = 10.0.40219.1
Project("{FAE04EC0-301F-11D3-BF4B-00C04F79EFBC}") = "HelloWorldApp", "HelloWorldApp.csproj", "{E7CCDDB2-1095-4DFC-AA5D-A3F39683A1F8}"
EndProject
Global
	GlobalSection(SolutionConfigurationPlatforms) = preSolution
		Debug|Any CPU = Debug|Any CPU
		Release|Any CPU = Release|Any CPU
	EndGlobalSection
	GlobalSection(ProjectConfigurationPlatforms) = postSolution
		{E7CCDDB2-1095-4DFC-AA5D-A3F39683A1F8}.Debug|Any CPU.ActiveCfg = Debug|Any CPU
		{E7CCDDB2-1095-4DFC-AA5D-A3F39683A1F8}.Debug|Any CPU.Build.0 = Debug|Any CPU
		{E7CCDDB2-1095-4DFC-AA5D-A3F39683A1F8}.Debug|Any CPU.Deploy.0 = Debug|Any CPU
		{E7CCDDB2-1095-4DFC-AA5D-A3F39683A1F8}.Release|Any CPU.ActiveCfg = Release|Any CPU
		{E7CCDDB2-1095-4DFC-AA5D-A3F39683A1F8}.Release|Any CPU.Build.0 = Release|Any CPU
		{E7CCDDB2-1095-4DFC-AA5D-A3F39683A1F8}.Release|Any CPU.Deploy.0 = Release|Any CPU
	EndGlobalSection
	GlobalSection(SolutionProperties) = preSolution
		HideSolutionNode = FALSE
	EndGlobalSection
	GlobalSection(ExtensibilityGlobals) = postSolution
		SolutionGuid = {E22CC228-7C54-444C-9282-A3D786E28F76}
	EndGlobalSection
EndGlobal
